
Microsoft Visual Studio Solution File, Format Version 11.00
# Visual Studio 2010 Express for Windows Phone
Project("{FAE04EC0-301F-11D3-BF4B-00C04F79EFBC}") = "WhereAmI", "WhereAmI\WhereAmI.csproj", "{CC9F4C53-25F1-4157-B60D-00D79F247BB8}"
EndProject
Global
	GlobalSection(SolutionConfigurationPlatforms) = preSolution
		Debug|Any CPU = Debug|Any CPU
		Release|Any CPU = Release|Any CPU
	EndGlobalSection
	GlobalSection(ProjectConfigurationPlatforms) = postSolution
		{CC9F4C53-25F1-4157-B60D-00D79F247BB8}.Debug|Any CPU.ActiveCfg = Debug|Any CPU
		{CC9F4C53-25F1-4157-B60D-00D79F247BB8}.Debug|Any CPU.Build.0 = Debug|Any CPU
		{CC9F4C53-25F1-4157-B60D-00D79F247BB8}.Debug|Any CPU.Deploy.0 = Debug|Any CPU
		{CC9F4C53-25F1-4157-B60D-00D79F247BB8}.Release|Any CPU.ActiveCfg = Release|Any CPU
		{CC9F4C53-25F1-4157-B60D-00D79F247BB8}.Release|Any CPU.Build.0 = Release|Any CPU
		{CC9F4C53-25F1-4157-B60D-00D79F247BB8}.Release|Any CPU.Deploy.0 = Release|Any CPU
	EndGlobalSection
	GlobalSection(SolutionProperties) = preSolution
		HideSolutionNode = FALSE
	EndGlobalSection
EndGlobal
